
Microsoft Visual Studio Solution File, Format Version 12.00
# Visual Studio Version 16
VisualStudioVersion = 16.0.30114.105
MinimumVisualStudioVersion = 10.0.40219.1
Project("{FAE04EC0-301F-11D3-BF4B-00C04F79EFBC}") = "GardenCenter", "GardenCenter.csproj", "{DD3DD593-7585-4401-B5C1-119514C2B156}"
EndProject
Project("{FAE04EC0-301F-11D3-BF4B-00C04F79EFBC}") = "GardenCenter.Tests", "GardenCenter.Tests\GardenCenter.Tests.csproj", "{7EA0BE50-E001-422D-B125-C2A2262E38C7}"
EndProject
Global
	GlobalSection(SolutionConfigurationPlatforms) = preSolution
		Debug|Any CPU = Debug|Any CPU
		Debug|x64 = Debug|x64
		Debug|x86 = Debug|x86
		Release|Any CPU = Release|Any CPU
		Release|x64 = Release|x64
		Release|x86 = Release|x86
	EndGlobalSection
	GlobalSection(SolutionProperties) = preSolution
		HideSolutionNode = FALSE
	EndGlobalSection
	GlobalSection(ProjectConfigurationPlatforms) = postSolution
		{DD3DD593-7585-4401-B5C1-119514C2B156}.Debug|Any CPU.ActiveCfg = Debug|Any CPU
		{DD3DD593-7585-4401-B5C1-119514C2B156}.Debug|Any CPU.Build.0 = Debug|Any CPU
		{DD3DD593-7585-4401-B5C1-119514C2B156}.Debug|x64.ActiveCfg = Debug|Any CPU
		{DD3DD593-7585-4401-B5C1-119514C2B156}.Debug|x64.Build.0 = Debug|Any CPU
		{DD3DD593-7585-4401-B5C1-119514C2B156}.Debug|x86.ActiveCfg = Debug|Any CPU
		{DD3DD593-7585-4401-B5C1-119514C2B156}.Debug|x86.Build.0 = Debug|Any CPU
		{DD3DD593-7585-4401-B5C1-119514C2B156}.Release|Any CPU.ActiveCfg = Release|Any CPU
		{DD3DD593-7585-4401-B5C1-119514C2B156}.Release|Any CPU.Build.0 = Release|Any CPU
		{DD3DD593-7585-4401-B5C1-119514C2B156}.Release|x64.ActiveCfg = Release|Any CPU
		{DD3DD593-7585-4401-B5C1-119514C2B156}.Release|x64.Build.0 = Release|Any CPU
		{DD3DD593-7585-4401-B5C1-119514C2B156}.Release|x86.ActiveCfg = Release|Any CPU
		{DD3DD593-7585-4401-B5C1-119514C2B156}.Release|x86.Build.0 = Release|Any CPU
		{7EA0BE50-E001-422D-B125-C2A2262E38C7}.Debug|Any CPU.ActiveCfg = Debug|Any CPU
		{7EA0BE50-E001-422D-B125-C2A2262E38C7}.Debug|Any CPU.Build.0 = Debug|Any CPU
		{7EA0BE50-E001-422D-B125-C2A2262E38C7}.Debug|x64.ActiveCfg = Debug|Any CPU
		{7EA0BE50-E001-422D-B125-C2A2262E38C7}.Debug|x64.Build.0 = Debug|Any CPU
		{7EA0BE50-E001-422D-B125-C2A2262E38C7}.Debug|x86.ActiveCfg = Debug|Any CPU
		{7EA0BE50-E001-422D-B125-C2A2262E38C7}.Debug|x86.Build.0 = Debug|Any CPU
		{7EA0BE50-E001-422D-B125-C2A2262E38C7}.Release|Any CPU.ActiveCfg = Release|Any CPU
		{7EA0BE50-E001-422D-B125-C2A2262E38C7}.Release|Any CPU.Build.0 = Release|Any CPU
		{7EA0BE50-E001-422D-B125-C2A2262E38C7}.Release|x64.ActiveCfg = Release|Any CPU
		{7EA0BE50-E001-422D-B125-C2A2262E38C7}.Release|x64.Build.0 = Release|Any CPU
		{7EA0BE50-E001-422D-B125-C2A2262E38C7}.Release|x86.ActiveCfg = Release|Any CPU
		{7EA0BE50-E001-422D-B125-C2A2262E38C7}.Release|x86.Build.0 = Release|Any CPU
	EndGlobalSection
EndGlobal